
Microsoft Visual Studio Solution File, Format Version 12.00
# Visual Studio 15
VisualStudioVersion = 15.0.28307.136
MinimumVisualStudioVersion = 10.0.40219.1
Project("{FAE04EC0-301F-11D3-BF4B-00C04F79EFBC}") = "packt_webapp", "packt_webapp\packt_webapp.csproj", "{D813FD73-27F4-48EE-8630-767D67DDB383}"
EndProject
Global
	GlobalSection(SolutionConfigurationPlatforms) = preSolution
		Debug|Any CPU = Debug|Any CPU
		Release|Any CPU = Release|Any CPU
	EndGlobalSection
	GlobalSection(ProjectConfigurationPlatforms) = postSolution
		{D813FD73-27F4-48EE-8630-767D67DDB383}.Debug|Any CPU.ActiveCfg = Debug|Any CPU
		{D813FD73-27F4-48EE-8630-767D67DDB383}.Debug|Any CPU.Build.0 = Debug|Any CPU
		{D813FD73-27F4-48EE-8630-767D67DDB383}.Release|Any CPU.ActiveCfg = Release|Any CPU
		{D813FD73-27F4-48EE-8630-767D67DDB383}.Release|Any CPU.Build.0 = Release|Any CPU
	EndGlobalSection
	GlobalSection(SolutionProperties) = preSolution
		HideSolutionNode = FALSE
	EndGlobalSection
	GlobalSection(ExtensibilityGlobals) = postSolution
		SolutionGuid = {42BE47EC-F72F-41A7-A2D4-4B50F8975E48}
	EndGlobalSection
EndGlobal
